
Microsoft Visual Studio Solution File, Format Version 12.00
# Visual Studio Version 16
VisualStudioVersion = 16.0.30128.74
MinimumVisualStudioVersion = 10.0.40219.1
Project("{FAE04EC0-301F-11D3-BF4B-00C04F79EFBC}") = "VoCPUPlugin", "VoCPUPlugin\VoCPUPlugin.csproj", "{03022F04-C091-4614-9CBC-7579C1FCA3EE}"
EndProject
Global
	GlobalSection(SolutionConfigurationPlatforms) = preSolution
		Debug|Any CPU = Debug|Any CPU
		Release|Any CPU = Release|Any CPU
	EndGlobalSection
	GlobalSection(ProjectConfigurationPlatforms) = postSolution
		{03022F04-C091-4614-9CBC-7579C1FCA3EE}.Debug|Any CPU.ActiveCfg = Debug|Any CPU
		{03022F04-C091-4614-9CBC-7579C1FCA3EE}.Debug|Any CPU.Build.0 = Debug|Any CPU
		{03022F04-C091-4614-9CBC-7579C1FCA3EE}.Release|Any CPU.ActiveCfg = Release|Any CPU
		{03022F04-C091-4614-9CBC-7579C1FCA3EE}.Release|Any CPU.Build.0 = Release|Any CPU
	EndGlobalSection
	GlobalSection(SolutionProperties) = preSolution
		HideSolutionNode = FALSE
	EndGlobalSection
	GlobalSection(ExtensibilityGlobals) = postSolution
		SolutionGuid = {C024C357-17B4-49BD-8871-658BC4148938}
	EndGlobalSection
EndGlobal
